
Microsoft Visual Studio Solution File, Format Version 12.00
# Visual Studio Version 16
VisualStudioVersion = 16.0.32407.337
MinimumVisualStudioVersion = 10.0.40219.1
Project("{8BC9CEB8-8B4A-11D0-8D11-00A0C91BC942}") = "Graph", "Graph\Graph.vcxproj", "{B4BB45AA-B9C6-4D99-A32A-48021F430938}"
EndProject
Project("{8BC9CEB8-8B4A-11D0-8D11-00A0C91BC942}") = "List", "List\List.vcxproj", "{B9F2BB15-B9B1-45D9-8FE4-0FB978A773F0}"
EndProject
Project("{8BC9CEB8-8B4A-11D0-8D11-00A0C91BC942}") = "BTree", "BTree\BTree.vcxproj", "{49F3FF49-3172-4AD3-AB66-135950962A85}"
EndProject
Project("{8BC9CEB8-8B4A-11D0-8D11-00A0C91BC942}") = "String", "String\String.vcxproj", "{0DB7B229-FAA2-4213-AAC8-EAFFA74B2DDD}"
EndProject
Project("{8BC9CEB8-8B4A-11D0-8D11-00A0C91BC942}") = "Alg_BF", "Alg_BF\Alg_BF.vcxproj", "{8B9CA557-476B-4174-A153-AC21C3A0E7C5}"
EndProject
Project("{8BC9CEB8-8B4A-11D0-8D11-00A0C91BC942}") = "DuList", "DuList\DuList.vcxproj", "{AC40DA11-C051-4F5A-87E8-1770AB664096}"
EndProject
Project("{8BC9CEB8-8B4A-11D0-8D11-00A0C91BC942}") = "Matrix", "Matrix\Matrix.vcxproj", "{095500B6-CF99-4753-BC8F-9E6A8361156E}"
EndProject
Project("{8BC9CEB8-8B4A-11D0-8D11-00A0C91BC942}") = "Generalized_List", "Generalized_List\Generalized_List.vcxproj", "{7AD99C38-B32A-40F5-ABC2-9C176995567C}"
EndProject
Project("{8BC9CEB8-8B4A-11D0-8D11-00A0C91BC942}") = "CList", "CList\CList.vcxproj", "{53F83ED6-D479-4629-9EE6-98EEFFA91A5F}"
EndProject
Project("{8BC9CEB8-8B4A-11D0-8D11-00A0C91BC942}") = "Poly_List", "Poly_List\Poly_List.vcxproj", "{322A4F1D-F3CF-43BF-AA91-F0706DA5B57F}"
EndProject
Project("{8BC9CEB8-8B4A-11D0-8D11-00A0C91BC942}") = "Vector", "Vector\Vector.vcxproj", "{BB4B5843-9471-4E44-80C5-20EF24B666D8}"
EndProject
Project("{8BC9CEB8-8B4A-11D0-8D11-00A0C91BC942}") = "Stack", "Stack\Stack.vcxproj", "{948BD66F-4A1A-43C3-84B7-88269190BF4E}"
EndProject
Project("{8BC9CEB8-8B4A-11D0-8D11-00A0C91BC942}") = "MGraph", "MGraph\MGraph.vcxproj", "{72328242-9690-4E79-B326-AA1CBC66FAA2}"
EndProject
Project("{8BC9CEB8-8B4A-11D0-8D11-00A0C91BC942}") = "LGraph", "LGraph\LGraph.vcxproj", "{FE18CA1F-63C4-452C-9CA9-516B1BDA60DF}"
EndProject
Project("{8BC9CEB8-8B4A-11D0-8D11-00A0C91BC942}") = "OLGraph", "OLGraph\OLGraph.vcxproj", "{2576E8F1-2A06-4001-91CF-D9C84B2583C6}"
EndProject
Project("{8BC9CEB8-8B4A-11D0-8D11-00A0C91BC942}") = "AMLGraph", "AMLGraph\AMLGraph.vcxproj", "{BDD4186D-10EA-4FD1-8A90-8A764CAC6802}"
EndProject
Project("{8BC9CEB8-8B4A-11D0-8D11-00A0C91BC942}") = "Queue", "Queue\Queue.vcxproj", "{4F2BE38B-19CD-4359-9A88-1D823FCE549A}"
EndProject
Project("{8BC9CEB8-8B4A-11D0-8D11-00A0C91BC942}") = "Tree", "Tree\Tree.vcxproj", "{3E367B14-73E4-4167-BCAF-9A134035D7F5}"
EndProject
Project("{8BC9CEB8-8B4A-11D0-8D11-00A0C91BC942}") = "Sort", "Sort\Sort.vcxproj", "{764A5686-9BE9-4564-845C-B5AE5BBDE9D9}"
EndProject
Project("{8BC9CEB8-8B4A-11D0-8D11-00A0C91BC942}") = "Search", "Search\Search.vcxproj", "{B4128EFD-B78B-4B9D-B42C-073001D606BE}"
EndProject
Global
	GlobalSection(SolutionConfigurationPlatforms) = preSolution
		Debug|x64 = Debug|x64
		Debug|x86 = Debug|x86
		Release|x64 = Release|x64
		Release|x86 = Release|x86
	EndGlobalSection
	GlobalSection(ProjectConfigurationPlatforms) = postSolution
		{B4BB45AA-B9C6-4D99-A32A-48021F430938}.Debug|x64.ActiveCfg = Debug|x64
		{B4BB45AA-B9C6-4D99-A32A-48021F430938}.Debug|x64.Build.0 = Debug|x64
		{B4BB45AA-B9C6-4D99-A32A-48021F430938}.Debug|x86.ActiveCfg = Debug|Win32
		{B4BB45AA-B9C6-4D99-A32A-48021F430938}.Debug|x86.Build.0 = Debug|Win32
		{B4BB45AA-B9C6-4D99-A32A-48021F430938}.Release|x64.ActiveCfg = Release|x64
		{B4BB45AA-B9C6-4D99-A32A-48021F430938}.Release|x64.Build.0 = Release|x64
		{B4BB45AA-B9C6-4D99-A32A-48021F430938}.Release|x86.ActiveCfg = Release|Win32
		{B4BB45AA-B9C6-4D99-A32A-48021F430938}.Release|x86.Build.0 = Release|Win32
		{B9F2BB15-B9B1-45D9-8FE4-0FB978A773F0}.Debug|x64.ActiveCfg = Debug|x64
		{B9F2BB15-B9B1-45D9-8FE4-0FB978A773F0}.Debug|x64.Build.0 = Debug|x64
		{B9F2BB15-B9B1-45D9-8FE4-0FB978A773F0}.Debug|x86.ActiveCfg = Debug|Win32
		{B9F2BB15-B9B1-45D9-8FE4-0FB978A773F0}.Debug|x86.Build.0 = Debug|Win32
		{B9F2BB15-B9B1-45D9-8FE4-0FB978A773F0}.Release|x64.ActiveCfg = Release|x64
		{B9F2BB15-B9B1-45D9-8FE4-0FB978A773F0}.Release|x64.Build.0 = Release|x64
		{B9F2BB15-B9B1-45D9-8FE4-0FB978A773F0}.Release|x86.ActiveCfg = Release|Win32
		{B9F2BB15-B9B1-45D9-8FE4-0FB978A773F0}.Release|x86.Build.0 = Release|Win32
		{49F3FF49-3172-4AD3-AB66-135950962A85}.Debug|x64.ActiveCfg = Debug|x64
		{49F3FF49-3172-4AD3-AB66-135950962A85}.Debug|x64.Build.0 = Debug|x64
		{49F3FF49-3172-4AD3-AB66-135950962A85}.Debug|x86.ActiveCfg = Debug|Win32
		{49F3FF49-3172-4AD3-AB66-135950962A85}.Debug|x86.Build.0 = Debug|Win32
		{49F3FF49-3172-4AD3-AB66-135950962A85}.Release|x64.ActiveCfg = Release|x64
		{49F3FF49-3172-4AD3-AB66-135950962A85}.Release|x64.Build.0 = Release|x64
		{49F3FF49-3172-4AD3-AB66-135950962A85}.Release|x86.ActiveCfg = Release|Win32
		{49F3FF49-3172-4AD3-AB66-135950962A85}.Release|x86.Build.0 = Release|Win32
		{0DB7B229-FAA2-4213-AAC8-EAFFA74B2DDD}.Debug|x64.ActiveCfg = Debug|x64
		{0DB7B229-FAA2-4213-AAC8-EAFFA74B2DDD}.Debug|x64.Build.0 = Debug|x64
		{0DB7B229-FAA2-4213-AAC8-EAFFA74B2DDD}.Debug|x86.ActiveCfg = Debug|Win32
		{0DB7B229-FAA2-4213-AAC8-EAFFA74B2DDD}.Debug|x86.Build.0 = Debug|Win32
		{0DB7B229-FAA2-4213-AAC8-EAFFA74B2DDD}.Release|x64.ActiveCfg = Release|x64
		{0DB7B229-FAA2-4213-AAC8-EAFFA74B2DDD}.Release|x64.Build.0 = Release|x64
		{0DB7B229-FAA2-4213-AAC8-EAFFA74B2DDD}.Release|x86.ActiveCfg = Release|Win32
		{0DB7B229-FAA2-4213-AAC8-EAFFA74B2DDD}.Release|x86.Build.0 = Release|Win32
		{8B9CA557-476B-4174-A153-AC21C3A0E7C5}.Debug|x64.ActiveCfg = Debug|x64
		{8B9CA557-476B-4174-A153-AC21C3A0E7C5}.Debug|x64.Build.0 = Debug|x64
		{8B9CA557-476B-4174-A153-AC21C3A0E7C5}.Debug|x86.ActiveCfg = Debug|Win32
		{8B9CA557-476B-4174-A153-AC21C3A0E7C5}.Debug|x86.Build.0 = Debug|Win32
		{8B9CA557-476B-4174-A153-AC21C3A0E7C5}.Release|x64.ActiveCfg = Release|x64
		{8B9CA557-476B-4174-A153-AC21C3A0E7C5}.Release|x64.Build.0 = Release|x64
		{8B9CA557-476B-4174-A153-AC21C3A0E7C5}.Release|x86.ActiveCfg = Release|Win32
		{8B9CA557-476B-4174-A153-AC21C3A0E7C5}.Release|x86.Build.0 = Release|Win32
		{AC40DA11-C051-4F5A-87E8-1770AB664096}.Debug|x64.ActiveCfg = Debug|x64
		{AC40DA11-C051-4F5A-87E8-1770AB664096}.Debug|x64.Build.0 = Debug|x64
		{AC40DA11-C051-4F5A-87E8-1770AB664096}.Debug|x86.ActiveCfg = Debug|Win32
		{AC40DA11-C051-4F5A-87E8-1770AB664096}.Debug|x86.Build.0 = Debug|Win32
		{AC40DA11-C051-4F5A-87E8-1770AB664096}.Release|x64.ActiveCfg = Release|x64
		{AC40DA11-C051-4F5A-87E8-1770AB664096}.Release|x64.Build.0 = Release|x64
		{AC40DA11-C051-4F5A-87E8-1770AB664096}.Release|x86.ActiveCfg = Release|Win32
		{AC40DA11-C051-4F5A-87E8-1770AB664096}.Release|x86.Build.0 = Release|Win32
		{095500B6-CF99-4753-BC8F-9E6A8361156E}.Debug|x64.ActiveCfg = Debug|x64
		{095500B6-CF99-4753-BC8F-9E6A8361156E}.Debug|x64.Build.0 = Debug|x64
		{095500B6-CF99-4753-BC8F-9E6A8361156E}.Debug|x86.ActiveCfg = Debug|Win32
		{095500B6-CF99-4753-BC8F-9E6A8361156E}.Debug|x86.Build.0 = Debug|Win32
		{095500B6-CF99-4753-BC8F-9E6A8361156E}.Release|x64.ActiveCfg = Release|x64
		{095500B6-CF99-4753-BC8F-9E6A8361156E}.Release|x64.Build.0 = Release|x64
		{095500B6-CF99-4753-BC8F-9E6A8361156E}.Release|x86.ActiveCfg = Release|Win32
		{095500B6-CF99-4753-BC8F-9E6A8361156E}.Release|x86.Build.0 = Release|Win32
		{7AD99C38-B32A-40F5-ABC2-9C176995567C}.Debug|x64.ActiveCfg = Debug|x64
		{7AD99C38-B32A-40F5-ABC2-9C176995567C}.Debug|x64.Build.0 = Debug|x64
		{7AD99C38-B32A-40F5-ABC2-9C176995567C}.Debug|x86.ActiveCfg = Debug|Win32
		{7AD99C38-B32A-40F5-ABC2-9C176995567C}.Debug|x86.Build.0 = Debug|Win32
		{7AD99C38-B32A-40F5-ABC2-9C176995567C}.Release|x64.ActiveCfg = Release|x64
		{7AD99C38-B32A-40F5-ABC2-9C176995567C}.Release|x64.Build.0 = Release|x64
		{7AD99C38-B32A-40F5-ABC2-9C176995567C}.Release|x86.ActiveCfg = Release|Win32
		{7AD99C38-B32A-40F5-ABC2-9C176995567C}.Release|x86.Build.0 = Release|Win32
		{53F83ED6-D479-4629-9EE6-98EEFFA91A5F}.Debug|x64.ActiveCfg = Debug|x64
		{53F83ED6-D479-4629-9EE6-98EEFFA91A5F}.Debug|x64.Build.0 = Debug|x64
		{53F83ED6-D479-4629-9EE6-98EEFFA91A5F}.Debug|x86.ActiveCfg = Debug|Win32
		{53F83ED6-D479-4629-9EE6-98EEFFA91A5F}.Debug|x86.Build.0 = Debug|Win32
		{53F83ED6-D479-4629-9EE6-98EEFFA91A5F}.Release|x64.ActiveCfg = Release|x64
		{53F83ED6-D479-4629-9EE6-98EEFFA91A5F}.Release|x64.Build.0 = Release|x64
		{53F83ED6-D479-4629-9EE6-98EEFFA91A5F}.Release|x86.ActiveCfg = Release|Win32
		{53F83ED6-D479-4629-9EE6-98EEFFA91A5F}.Release|x86.Build.0 = Release|Win32
		{322A4F1D-F3CF-43BF-AA91-F0706DA5B57F}.Debug|x64.ActiveCfg = Debug|x64
		{322A4F1D-F3CF-43BF-AA91-F0706DA5B57F}.Debug|x64.Build.0 = Debug|x64
		{322A4F1D-F3CF-43BF-AA91-F0706DA5B57F}.Debug|x86.ActiveCfg = Debug|Win32
		{322A4F1D-F3CF-43BF-AA91-F0706DA5B57F}.Debug|x86.Build.0 = Debug|Win32
		{322A4F1D-F3CF-43BF-AA91-F0706DA5B57F}.Release|x64.ActiveCfg = Release|x64
		{322A4F1D-F3CF-43BF-AA91-F0706DA5B57F}.Release|x64.Build.0 = Release|x64
		{322A4F1D-F3CF-43BF-AA91-F0706DA5B57F}.Release|x86.ActiveCfg = Release|Win32
		{322A4F1D-F3CF-43BF-AA91-F0706DA5B57F}.Release|x86.Build.0 = Release|Win32
		{BB4B5843-9471-4E44-80C5-20EF24B666D8}.Debug|x64.ActiveCfg = Debug|x64
		{BB4B5843-9471-4E44-80C5-20EF24B666D8}.Debug|x64.Build.0 = Debug|x64
		{BB4B5843-9471-4E44-80C5-20EF24B666D8}.Debug|x86.ActiveCfg = Debug|Win32
		{BB4B5843-9471-4E44-80C5-20EF24B666D8}.Debug|x86.Build.0 = Debug|Win32
		{BB4B5843-9471-4E44-80C5-20EF24B666D8}.Release|x64.ActiveCfg = Release|x64
		{BB4B5843-9471-4E44-80C5-20EF24B666D8}.Release|x64.Build.0 = Release|x64
		{BB4B5843-9471-4E44-80C5-20EF24B666D8}.Release|x86.ActiveCfg = Release|Win32
		{BB4B5843-9471-4E44-80C5-20EF24B666D8}.Release|x86.Build.0 = Release|Win32
		{948BD66F-4A1A-43C3-84B7-88269190BF4E}.Debug|x64.ActiveCfg = Debug|x64
		{948BD66F-4A1A-43C3-84B7-88269190BF4E}.Debug|x64.Build.0 = Debug|x64
		{948BD66F-4A1A-43C3-84B7-88269190BF4E}.Debug|x86.ActiveCfg = Debug|Win32
		{948BD66F-4A1A-43C3-84B7-88269190BF4E}.Debug|x86.Build.0 = Debug|Win32
		{948BD66F-4A1A-43C3-84B7-88269190BF4E}.Release|x64.ActiveCfg = Release|x64
		{948BD66F-4A1A-43C3-84B7-88269190BF4E}.Release|x64.Build.0 = Release|x64
		{948BD66F-4A1A-43C3-84B7-88269190BF4E}.Release|x86.ActiveCfg = Release|Win32
		{948BD66F-4A1A-43C3-84B7-88269190BF4E}.Release|x86.Build.0 = Release|Win32
		{72328242-9690-4E79-B326-AA1CBC66FAA2}.Debug|x64.ActiveCfg = Debug|x64
		{72328242-9690-4E79-B326-AA1CBC66FAA2}.Debug|x64.Build.0 = Debug|x64
		{72328242-9690-4E79-B326-AA1CBC66FAA2}.Debug|x86.ActiveCfg = Debug|Win32
		{72328242-9690-4E79-B326-AA1CBC66FAA2}.Debug|x86.Build.0 = Debug|Win32
		{72328242-9690-4E79-B326-AA1CBC66FAA2}.Release|x64.ActiveCfg = Release|x64
		{72328242-9690-4E79-B326-AA1CBC66FAA2}.Release|x64.Build.0 = Release|x64
		{72328242-9690-4E79-B326-AA1CBC66FAA2}.Release|x86.ActiveCfg = Release|Win32
		{72328242-9690-4E79-B326-AA1CBC66FAA2}.Release|x86.Build.0 = Release|Win32
		{FE18CA1F-63C4-452C-9CA9-516B1BDA60DF}.Debug|x64.ActiveCfg = Debug|x64
		{FE18CA1F-63C4-452C-9CA9-516B1BDA60DF}.Debug|x64.Build.0 = Debug|x64
		{FE18CA1F-63C4-452C-9CA9-516B1BDA60DF}.Debug|x86.ActiveCfg = Debug|Win32
		{FE18CA1F-63C4-452C-9CA9-516B1BDA60DF}.Debug|x86.Build.0 = Debug|Win32
		{FE18CA1F-63C4-452C-9CA9-516B1BDA60DF}.Release|x64.ActiveCfg = Release|x64
		{FE18CA1F-63C4-452C-9CA9-516B1BDA60DF}.Release|x64.Build.0 = Release|x64
		{FE18CA1F-63C4-452C-9CA9-516B1BDA60DF}.Release|x86.ActiveCfg = Release|Win32
		{FE18CA1F-63C4-452C-9CA9-516B1BDA60DF}.Release|x86.Build.0 = Release|Win32
		{2576E8F1-2A06-4001-91CF-D9C84B2583C6}.Debug|x64.ActiveCfg = Debug|x64
		{2576E8F1-2A06-4001-91CF-D9C84B2583C6}.Debug|x64.Build.0 = Debug|x64
		{2576E8F1-2A06-4001-91CF-D9C84B2583C6}.Debug|x86.ActiveCfg = Debug|Win32
		{2576E8F1-2A06-4001-91CF-D9C84B2583C6}.Debug|x86.Build.0 = Debug|Win32
		{2576E8F1-2A06-4001-91CF-D9C84B2583C6}.Release|x64.ActiveCfg = Release|x64
		{2576E8F1-2A06-4001-91CF-D9C84B2583C6}.Release|x64.Build.0 = Release|x64
		{2576E8F1-2A06-4001-91CF-D9C84B2583C6}.Release|x86.ActiveCfg = Release|Win32
		{2576E8F1-2A06-4001-91CF-D9C84B2583C6}.Release|x86.Build.0 = Release|Win32
		{BDD4186D-10EA-4FD1-8A90-8A764CAC6802}.Debug|x64.ActiveCfg = Debug|x64
		{BDD4186D-10EA-4FD1-8A90-8A764CAC6802}.Debug|x64.Build.0 = Debug|x64
		{BDD4186D-10EA-4FD1-8A90-8A764CAC6802}.Debug|x86.ActiveCfg = Debug|Win32
		{BDD4186D-10EA-4FD1-8A90-8A764CAC6802}.Debug|x86.Build.0 = Debug|Win32
		{BDD4186D-10EA-4FD1-8A90-8A764CAC6802}.Release|x64.ActiveCfg = Release|x64
		{BDD4186D-10EA-4FD1-8A90-8A764CAC6802}.Release|x64.Build.0 = Release|x64
		{BDD4186D-10EA-4FD1-8A90-8A764CAC6802}.Release|x86.ActiveCfg = Release|Win32
		{BDD4186D-10EA-4FD1-8A90-8A764CAC6802}.Release|x86.Build.0 = Release|Win32
		{4F2BE38B-19CD-4359-9A88-1D823FCE549A}.Debug|x64.ActiveCfg = Debug|x64
		{4F2BE38B-19CD-4359-9A88-1D823FCE549A}.Debug|x64.Build.0 = Debug|x64
		{4F2BE38B-19CD-4359-9A88-1D823FCE549A}.Debug|x86.ActiveCfg = Debug|Win32
		{4F2BE38B-19CD-4359-9A88-1D823FCE549A}.Debug|x86.Build.0 = Debug|Win32
		{4F2BE38B-19CD-4359-9A88-1D823FCE549A}.Release|x64.ActiveCfg = Release|x64
		{4F2BE38B-19CD-4359-9A88-1D823FCE549A}.Release|x64.Build.0 = Release|x64
		{4F2BE38B-19CD-4359-9A88-1D823FCE549A}.Release|x86.ActiveCfg = Release|Win32
		{4F2BE38B-19CD-4359-9A88-1D823FCE549A}.Release|x86.Build.0 = Release|Win32
		{3E367B14-73E4-4167-BCAF-9A134035D7F5}.Debug|x64.ActiveCfg = Debug|x64
		{3E367B14-73E4-4167-BCAF-9A134035D7F5}.Debug|x64.Build.0 = Debug|x64
		{3E367B14-73E4-4167-BCAF-9A134035D7F5}.Debug|x86.ActiveCfg = Debug|Win32
		{3E367B14-73E4-4167-BCAF-9A134035D7F5}.Debug|x86.Build.0 = Debug|Win32
		{3E367B14-73E4-4167-BCAF-9A134035D7F5}.Release|x64.ActiveCfg = Release|x64
		{3E367B14-73E4-4167-BCAF-9A134035D7F5}.Release|x64.Build.0 = Release|x64
		{3E367B14-73E4-4167-BCAF-9A134035D7F5}.Release|x86.ActiveCfg = Release|Win32
		{3E367B14-73E4-4167-BCAF-9A134035D7F5}.Release|x86.Build.0 = Release|Win32
		{764A5686-9BE9-4564-845C-B5AE5BBDE9D9}.Debug|x64.ActiveCfg = Debug|x64
		{764A5686-9BE9-4564-845C-B5AE5BBDE9D9}.Debug|x64.Build.0 = Debug|x64
		{764A5686-9BE9-4564-845C-B5AE5BBDE9D9}.Debug|x86.ActiveCfg = Debug|Win32
		{764A5686-9BE9-4564-845C-B5AE5BBDE9D9}.Debug|x86.Build.0 = Debug|Win32
		{764A5686-9BE9-4564-845C-B5AE5BBDE9D9}.Release|x64.ActiveCfg = Release|x64
		{764A5686-9BE9-4564-845C-B5AE5BBDE9D9}.Release|x64.Build.0 = Release|x64
		{764A5686-9BE9-4564-845C-B5AE5BBDE9D9}.Release|x86.ActiveCfg = Release|Win32
		{764A5686-9BE9-4564-845C-B5AE5BBDE9D9}.Release|x86.Build.0 = Release|Win32
		{B4128EFD-B78B-4B9D-B42C-073001D606BE}.Debug|x64.ActiveCfg = Debug|x64
		{B4128EFD-B78B-4B9D-B42C-073001D606BE}.Debug|x64.Build.0 = Debug|x64
		{B4128EFD-B78B-4B9D-B42C-073001D606BE}.Debug|x86.ActiveCfg = Debug|Win32
		{B4128EFD-B78B-4B9D-B42C-073001D606BE}.Debug|x86.Build.0 = Debug|Win32
		{B4128EFD-B78B-4B9D-B42C-073001D606BE}.Release|x64.ActiveCfg = Release|x64
		{B4128EFD-B78B-4B9D-B42C-073001D606BE}.Release|x64.Build.0 = Release|x64
		{B4128EFD-B78B-4B9D-B42C-073001D606BE}.Release|x86.ActiveCfg = Release|Win32
		{B4128EFD-B78B-4B9D-B42C-073001D606BE}.Release|x86.Build.0 = Release|Win32
	EndGlobalSection
	GlobalSection(SolutionProperties) = preSolution
		HideSolutionNode = FALSE
	EndGlobalSection
	GlobalSection(ExtensibilityGlobals) = postSolution
		SolutionGuid = {D3EAB910-AC0C-4F46-877D-F4EA5AAE699D}
	EndGlobalSection
EndGlobal
